
Microsoft Visual Studio Solution File, Format Version 12.00
# Visual Studio Version 17
VisualStudioVersion = 17.4.33205.214
MinimumVisualStudioVersion = 10.0.40219.1
Project("{FAE04EC0-301F-11D3-BF4B-00C04F79EFBC}") = "EventsPortal.Api", "EventsPortal.Api\EventsPortal.Api.csproj", "{DE527BE0-4BEE-4493-8AEB-BD220DDBD1A4}"
EndProject
Global
	GlobalSection(SolutionConfigurationPlatforms) = preSolution
		Debug|Any CPU = Debug|Any CPU
		Release|Any CPU = Release|Any CPU
	EndGlobalSection
	GlobalSection(ProjectConfigurationPlatforms) = postSolution
		{DE527BE0-4BEE-4493-8AEB-BD220DDBD1A4}.Debug|Any CPU.ActiveCfg = Debug|Any CPU
		{DE527BE0-4BEE-4493-8AEB-BD220DDBD1A4}.Debug|Any CPU.Build.0 = Debug|Any CPU
		{DE527BE0-4BEE-4493-8AEB-BD220DDBD1A4}.Release|Any CPU.ActiveCfg = Release|Any CPU
		{DE527BE0-4BEE-4493-8AEB-BD220DDBD1A4}.Release|Any CPU.Build.0 = Release|Any CPU
	EndGlobalSection
	GlobalSection(SolutionProperties) = preSolution
		HideSolutionNode = FALSE
	EndGlobalSection
	GlobalSection(ExtensibilityGlobals) = postSolution
		SolutionGuid = {1689282F-2852-47B6-9080-06AC5D0C31D8}
	EndGlobalSection
EndGlobal
