
Microsoft Visual Studio Solution File, Format Version 12.00
# Visual Studio Version 17
VisualStudioVersion = 17.8.34330.188
MinimumVisualStudioVersion = 10.0.40219.1
Project("{FAE04EC0-301F-11D3-BF4B-00C04F79EFBC}") = "Problem_14(Absolute-number)", "Problem_14(Absolute-number)\Problem_14(Absolute-number).csproj", "{3B8AA367-5459-4371-93EE-8E28B36AADD6}"
EndProject
Global
	GlobalSection(SolutionConfigurationPlatforms) = preSolution
		Debug|Any CPU = Debug|Any CPU
		Release|Any CPU = Release|Any CPU
	EndGlobalSection
	GlobalSection(ProjectConfigurationPlatforms) = postSolution
		{3B8AA367-5459-4371-93EE-8E28B36AADD6}.Debug|Any CPU.ActiveCfg = Debug|Any CPU
		{3B8AA367-5459-4371-93EE-8E28B36AADD6}.Debug|Any CPU.Build.0 = Debug|Any CPU
		{3B8AA367-5459-4371-93EE-8E28B36AADD6}.Release|Any CPU.ActiveCfg = Release|Any CPU
		{3B8AA367-5459-4371-93EE-8E28B36AADD6}.Release|Any CPU.Build.0 = Release|Any CPU
	EndGlobalSection
	GlobalSection(SolutionProperties) = preSolution
		HideSolutionNode = FALSE
	EndGlobalSection
	GlobalSection(ExtensibilityGlobals) = postSolution
		SolutionGuid = {371BF10F-A960-48E0-8AD1-ADCCBB615990}
	EndGlobalSection
EndGlobal
