
Microsoft Visual Studio Solution File, Format Version 12.00
# Visual Studio Version 17
VisualStudioVersion = 17.8.34330.188
MinimumVisualStudioVersion = 10.0.40219.1
Project("{FAE04EC0-301F-11D3-BF4B-00C04F79EFBC}") = "Events_Delegate_Demo", "Events_Delegate_Demo\Events_Delegate_Demo.csproj", "{13400CF8-894E-4D88-B18E-8910F7F19D27}"
EndProject
Global
	GlobalSection(SolutionConfigurationPlatforms) = preSolution
		Debug|Any CPU = Debug|Any CPU
		Release|Any CPU = Release|Any CPU
	EndGlobalSection
	GlobalSection(ProjectConfigurationPlatforms) = postSolution
		{13400CF8-894E-4D88-B18E-8910F7F19D27}.Debug|Any CPU.ActiveCfg = Debug|Any CPU
		{13400CF8-894E-4D88-B18E-8910F7F19D27}.Debug|Any CPU.Build.0 = Debug|Any CPU
		{13400CF8-894E-4D88-B18E-8910F7F19D27}.Release|Any CPU.ActiveCfg = Release|Any CPU
		{13400CF8-894E-4D88-B18E-8910F7F19D27}.Release|Any CPU.Build.0 = Release|Any CPU
	EndGlobalSection
	GlobalSection(SolutionProperties) = preSolution
		HideSolutionNode = FALSE
	EndGlobalSection
	GlobalSection(ExtensibilityGlobals) = postSolution
		SolutionGuid = {934B7A56-2C4F-4563-8D19-B95DFEA83DD7}
	EndGlobalSection
EndGlobal
