
Microsoft Visual Studio Solution File, Format Version 12.00
# Visual Studio Version 17
VisualStudioVersion = 17.8.34330.188
MinimumVisualStudioVersion = 10.0.40219.1
Project("{FAE04EC0-301F-11D3-BF4B-00C04F79EFBC}") = "LINQ_Example", "LINQ_Example\LINQ_Example.csproj", "{AB075CF7-99E0-4891-BD0E-0E3C98FF38ED}"
EndProject
Global
	GlobalSection(SolutionConfigurationPlatforms) = preSolution
		Debug|Any CPU = Debug|Any CPU
		Release|Any CPU = Release|Any CPU
	EndGlobalSection
	GlobalSection(ProjectConfigurationPlatforms) = postSolution
		{AB075CF7-99E0-4891-BD0E-0E3C98FF38ED}.Debug|Any CPU.ActiveCfg = Debug|Any CPU
		{AB075CF7-99E0-4891-BD0E-0E3C98FF38ED}.Debug|Any CPU.Build.0 = Debug|Any CPU
		{AB075CF7-99E0-4891-BD0E-0E3C98FF38ED}.Release|Any CPU.ActiveCfg = Release|Any CPU
		{AB075CF7-99E0-4891-BD0E-0E3C98FF38ED}.Release|Any CPU.Build.0 = Release|Any CPU
	EndGlobalSection
	GlobalSection(SolutionProperties) = preSolution
		HideSolutionNode = FALSE
	EndGlobalSection
	GlobalSection(ExtensibilityGlobals) = postSolution
		SolutionGuid = {B22BC77F-C579-4C04-A278-AD38C4E559F6}
	EndGlobalSection
EndGlobal
