
Microsoft Visual Studio Solution File, Format Version 12.00
# Visual Studio Version 17
VisualStudioVersion = 17.8.34330.188
MinimumVisualStudioVersion = 10.0.40219.1
Project("{FAE04EC0-301F-11D3-BF4B-00C04F79EFBC}") = "Problem_20", "Problem_20\Problem_20.csproj", "{2AA5F7CA-52B7-4DD1-812D-EF762C9B708F}"
EndProject
Global
	GlobalSection(SolutionConfigurationPlatforms) = preSolution
		Debug|Any CPU = Debug|Any CPU
		Release|Any CPU = Release|Any CPU
	EndGlobalSection
	GlobalSection(ProjectConfigurationPlatforms) = postSolution
		{2AA5F7CA-52B7-4DD1-812D-EF762C9B708F}.Debug|Any CPU.ActiveCfg = Debug|Any CPU
		{2AA5F7CA-52B7-4DD1-812D-EF762C9B708F}.Debug|Any CPU.Build.0 = Debug|Any CPU
		{2AA5F7CA-52B7-4DD1-812D-EF762C9B708F}.Release|Any CPU.ActiveCfg = Release|Any CPU
		{2AA5F7CA-52B7-4DD1-812D-EF762C9B708F}.Release|Any CPU.Build.0 = Release|Any CPU
	EndGlobalSection
	GlobalSection(SolutionProperties) = preSolution
		HideSolutionNode = FALSE
	EndGlobalSection
	GlobalSection(ExtensibilityGlobals) = postSolution
		SolutionGuid = {3AA519D3-990A-4D74-A19F-B3F66F35EB76}
	EndGlobalSection
EndGlobal
