
Microsoft Visual Studio Solution File, Format Version 12.00
# Visual Studio Version 17
VisualStudioVersion = 17.4.33205.214
MinimumVisualStudioVersion = 10.0.40219.1
Project("{FAE04EC0-301F-11D3-BF4B-00C04F79EFBC}") = "Synechron.EventsPortal", "Synechron.EventsPortal\Synechron.EventsPortal.csproj", "{6C03C5DB-7E69-4123-AFCC-549ACF6D07B5}"
EndProject
Global
	GlobalSection(SolutionConfigurationPlatforms) = preSolution
		Debug|Any CPU = Debug|Any CPU
		Release|Any CPU = Release|Any CPU
	EndGlobalSection
	GlobalSection(ProjectConfigurationPlatforms) = postSolution
		{6C03C5DB-7E69-4123-AFCC-549ACF6D07B5}.Debug|Any CPU.ActiveCfg = Debug|Any CPU
		{6C03C5DB-7E69-4123-AFCC-549ACF6D07B5}.Debug|Any CPU.Build.0 = Debug|Any CPU
		{6C03C5DB-7E69-4123-AFCC-549ACF6D07B5}.Release|Any CPU.ActiveCfg = Release|Any CPU
		{6C03C5DB-7E69-4123-AFCC-549ACF6D07B5}.Release|Any CPU.Build.0 = Release|Any CPU
	EndGlobalSection
	GlobalSection(SolutionProperties) = preSolution
		HideSolutionNode = FALSE
	EndGlobalSection
	GlobalSection(ExtensibilityGlobals) = postSolution
		SolutionGuid = {8E1BC280-E45B-4D23-92EE-ECDC1C3E105D}
	EndGlobalSection
EndGlobal
