
Microsoft Visual Studio Solution File, Format Version 12.00
# Visual Studio Version 17
VisualStudioVersion = 17.8.34330.188
MinimumVisualStudioVersion = 10.0.40219.1
Project("{FAE04EC0-301F-11D3-BF4B-00C04F79EFBC}") = "StudentConsoleApp", "StudentConsoleApp\StudentConsoleApp.csproj", "{5E300671-FE3E-4FDA-B4A7-EA450FCAB681}"
EndProject
Global
	GlobalSection(SolutionConfigurationPlatforms) = preSolution
		Debug|Any CPU = Debug|Any CPU
		Release|Any CPU = Release|Any CPU
	EndGlobalSection
	GlobalSection(ProjectConfigurationPlatforms) = postSolution
		{5E300671-FE3E-4FDA-B4A7-EA450FCAB681}.Debug|Any CPU.ActiveCfg = Debug|Any CPU
		{5E300671-FE3E-4FDA-B4A7-EA450FCAB681}.Debug|Any CPU.Build.0 = Debug|Any CPU
		{5E300671-FE3E-4FDA-B4A7-EA450FCAB681}.Release|Any CPU.ActiveCfg = Release|Any CPU
		{5E300671-FE3E-4FDA-B4A7-EA450FCAB681}.Release|Any CPU.Build.0 = Release|Any CPU
	EndGlobalSection
	GlobalSection(SolutionProperties) = preSolution
		HideSolutionNode = FALSE
	EndGlobalSection
	GlobalSection(ExtensibilityGlobals) = postSolution
		SolutionGuid = {A10C3B77-15BD-4BA1-8D1A-82EDB5700D6C}
	EndGlobalSection
EndGlobal
