
Microsoft Visual Studio Solution File, Format Version 12.00
# Visual Studio Version 17
VisualStudioVersion = 17.8.34330.188
MinimumVisualStudioVersion = 10.0.40219.1
Project("{FAE04EC0-301F-11D3-BF4B-00C04F79EFBC}") = "Problem_9", "Problem_9\Problem_9.csproj", "{2B93D1B3-5431-40FE-908E-9C6D407EDBB7}"
EndProject
Global
	GlobalSection(SolutionConfigurationPlatforms) = preSolution
		Debug|Any CPU = Debug|Any CPU
		Release|Any CPU = Release|Any CPU
	EndGlobalSection
	GlobalSection(ProjectConfigurationPlatforms) = postSolution
		{2B93D1B3-5431-40FE-908E-9C6D407EDBB7}.Debug|Any CPU.ActiveCfg = Debug|Any CPU
		{2B93D1B3-5431-40FE-908E-9C6D407EDBB7}.Debug|Any CPU.Build.0 = Debug|Any CPU
		{2B93D1B3-5431-40FE-908E-9C6D407EDBB7}.Release|Any CPU.ActiveCfg = Release|Any CPU
		{2B93D1B3-5431-40FE-908E-9C6D407EDBB7}.Release|Any CPU.Build.0 = Release|Any CPU
	EndGlobalSection
	GlobalSection(SolutionProperties) = preSolution
		HideSolutionNode = FALSE
	EndGlobalSection
	GlobalSection(ExtensibilityGlobals) = postSolution
		SolutionGuid = {8B001B4F-F764-4256-894C-043DE77065A5}
	EndGlobalSection
EndGlobal
