
Microsoft Visual Studio Solution File, Format Version 12.00
# Visual Studio Version 17
VisualStudioVersion = 17.8.34330.188
MinimumVisualStudioVersion = 10.0.40219.1
Project("{FAE04EC0-301F-11D3-BF4B-00C04F79EFBC}") = "Problem_21", "Problem_21\Problem_21.csproj", "{F7E397A9-B48F-423B-B764-2F4D90974B14}"
EndProject
Global
	GlobalSection(SolutionConfigurationPlatforms) = preSolution
		Debug|Any CPU = Debug|Any CPU
		Release|Any CPU = Release|Any CPU
	EndGlobalSection
	GlobalSection(ProjectConfigurationPlatforms) = postSolution
		{F7E397A9-B48F-423B-B764-2F4D90974B14}.Debug|Any CPU.ActiveCfg = Debug|Any CPU
		{F7E397A9-B48F-423B-B764-2F4D90974B14}.Debug|Any CPU.Build.0 = Debug|Any CPU
		{F7E397A9-B48F-423B-B764-2F4D90974B14}.Release|Any CPU.ActiveCfg = Release|Any CPU
		{F7E397A9-B48F-423B-B764-2F4D90974B14}.Release|Any CPU.Build.0 = Release|Any CPU
	EndGlobalSection
	GlobalSection(SolutionProperties) = preSolution
		HideSolutionNode = FALSE
	EndGlobalSection
	GlobalSection(ExtensibilityGlobals) = postSolution
		SolutionGuid = {8DE6777F-7E23-4242-973F-2E99CB979D28}
	EndGlobalSection
EndGlobal
