
Microsoft Visual Studio Solution File, Format Version 12.00
# Visual Studio Version 17
VisualStudioVersion = 17.4.33205.214
MinimumVisualStudioVersion = 10.0.40219.1
Project("{FAE04EC0-301F-11D3-BF4B-00C04F79EFBC}") = "LINQExamples", "LINQExamples\LINQExamples.csproj", "{D10DA2B8-400D-4F58-9F74-F8D50F9EE6CC}"
EndProject
Global
	GlobalSection(SolutionConfigurationPlatforms) = preSolution
		Debug|Any CPU = Debug|Any CPU
		Release|Any CPU = Release|Any CPU
	EndGlobalSection
	GlobalSection(ProjectConfigurationPlatforms) = postSolution
		{D10DA2B8-400D-4F58-9F74-F8D50F9EE6CC}.Debug|Any CPU.ActiveCfg = Debug|Any CPU
		{D10DA2B8-400D-4F58-9F74-F8D50F9EE6CC}.Debug|Any CPU.Build.0 = Debug|Any CPU
		{D10DA2B8-400D-4F58-9F74-F8D50F9EE6CC}.Release|Any CPU.ActiveCfg = Release|Any CPU
		{D10DA2B8-400D-4F58-9F74-F8D50F9EE6CC}.Release|Any CPU.Build.0 = Release|Any CPU
	EndGlobalSection
	GlobalSection(SolutionProperties) = preSolution
		HideSolutionNode = FALSE
	EndGlobalSection
	GlobalSection(ExtensibilityGlobals) = postSolution
		SolutionGuid = {32C958A7-3C69-49E5-9F3F-6FAE16409B4C}
	EndGlobalSection
EndGlobal
