
Microsoft Visual Studio Solution File, Format Version 12.00
# Visual Studio Version 17
VisualStudioVersion = 17.8.34330.188
MinimumVisualStudioVersion = 10.0.40219.1
Project("{FAE04EC0-301F-11D3-BF4B-00C04F79EFBC}") = "Product_CRUD_Operation", "Product_CRUD_Operation\Product_CRUD_Operation.csproj", "{8A71ECD5-B0CC-426B-A39F-D464DC831BD9}"
EndProject
Global
	GlobalSection(SolutionConfigurationPlatforms) = preSolution
		Debug|Any CPU = Debug|Any CPU
		Release|Any CPU = Release|Any CPU
	EndGlobalSection
	GlobalSection(ProjectConfigurationPlatforms) = postSolution
		{8A71ECD5-B0CC-426B-A39F-D464DC831BD9}.Debug|Any CPU.ActiveCfg = Debug|Any CPU
		{8A71ECD5-B0CC-426B-A39F-D464DC831BD9}.Debug|Any CPU.Build.0 = Debug|Any CPU
		{8A71ECD5-B0CC-426B-A39F-D464DC831BD9}.Release|Any CPU.ActiveCfg = Release|Any CPU
		{8A71ECD5-B0CC-426B-A39F-D464DC831BD9}.Release|Any CPU.Build.0 = Release|Any CPU
	EndGlobalSection
	GlobalSection(SolutionProperties) = preSolution
		HideSolutionNode = FALSE
	EndGlobalSection
	GlobalSection(ExtensibilityGlobals) = postSolution
		SolutionGuid = {DFC890F1-3F13-48A8-AD04-078F132504F8}
	EndGlobalSection
EndGlobal
