
Microsoft Visual Studio Solution File, Format Version 12.00
# Visual Studio Version 17
VisualStudioVersion = 17.8.34330.188
MinimumVisualStudioVersion = 10.0.40219.1
Project("{FAE04EC0-301F-11D3-BF4B-00C04F79EFBC}") = "Employee_CRUD_Operation", "Employee_CRUD_Operation\Employee_CRUD_Operation.csproj", "{143E066D-CEEC-489C-80FE-1C46BE4A100D}"
EndProject
Global
	GlobalSection(SolutionConfigurationPlatforms) = preSolution
		Debug|Any CPU = Debug|Any CPU
		Release|Any CPU = Release|Any CPU
	EndGlobalSection
	GlobalSection(ProjectConfigurationPlatforms) = postSolution
		{143E066D-CEEC-489C-80FE-1C46BE4A100D}.Debug|Any CPU.ActiveCfg = Debug|Any CPU
		{143E066D-CEEC-489C-80FE-1C46BE4A100D}.Debug|Any CPU.Build.0 = Debug|Any CPU
		{143E066D-CEEC-489C-80FE-1C46BE4A100D}.Release|Any CPU.ActiveCfg = Release|Any CPU
		{143E066D-CEEC-489C-80FE-1C46BE4A100D}.Release|Any CPU.Build.0 = Release|Any CPU
	EndGlobalSection
	GlobalSection(SolutionProperties) = preSolution
		HideSolutionNode = FALSE
	EndGlobalSection
	GlobalSection(ExtensibilityGlobals) = postSolution
		SolutionGuid = {DB4888CD-8ED3-4591-8CE0-C7FD9AFDDAE6}
	EndGlobalSection
EndGlobal
