
Microsoft Visual Studio Solution File, Format Version 12.00
# Visual Studio Version 17
VisualStudioVersion = 17.8.34330.188
MinimumVisualStudioVersion = 10.0.40219.1
Project("{FAE04EC0-301F-11D3-BF4B-00C04F79EFBC}") = "Assignment_3", "Assignment_3\Assignment_3.csproj", "{98158103-67E4-44A1-95F3-D24752421EC5}"
EndProject
Global
	GlobalSection(SolutionConfigurationPlatforms) = preSolution
		Debug|Any CPU = Debug|Any CPU
		Release|Any CPU = Release|Any CPU
	EndGlobalSection
	GlobalSection(ProjectConfigurationPlatforms) = postSolution
		{98158103-67E4-44A1-95F3-D24752421EC5}.Debug|Any CPU.ActiveCfg = Debug|Any CPU
		{98158103-67E4-44A1-95F3-D24752421EC5}.Debug|Any CPU.Build.0 = Debug|Any CPU
		{98158103-67E4-44A1-95F3-D24752421EC5}.Release|Any CPU.ActiveCfg = Release|Any CPU
		{98158103-67E4-44A1-95F3-D24752421EC5}.Release|Any CPU.Build.0 = Release|Any CPU
	EndGlobalSection
	GlobalSection(SolutionProperties) = preSolution
		HideSolutionNode = FALSE
	EndGlobalSection
	GlobalSection(ExtensibilityGlobals) = postSolution
		SolutionGuid = {21D088F0-6E53-4821-ABD7-7D55A38DF149}
	EndGlobalSection
EndGlobal
