
Microsoft Visual Studio Solution File, Format Version 12.00
# Visual Studio Version 17
VisualStudioVersion = 17.4.33205.214
MinimumVisualStudioVersion = 10.0.40219.1
Project("{FAE04EC0-301F-11D3-BF4B-00C04F79EFBC}") = "ArrayExamples", "ArrayExamples\ArrayExamples.csproj", "{0E962A52-0CA4-434E-AFDA-54843474D397}"
EndProject
Project("{FAE04EC0-301F-11D3-BF4B-00C04F79EFBC}") = "NonGenericCollectionExamples", "NonGenericCollectionExamples\NonGenericCollectionExamples.csproj", "{C67611E2-2728-4CEA-9748-12D3C5CC45ED}"
EndProject
Project("{FAE04EC0-301F-11D3-BF4B-00C04F79EFBC}") = "GenericCollectionExamples", "GenericCollectionExamples\GenericCollectionExamples.csproj", "{2901DBA7-8EF5-4BBF-99DF-E55A48F20A37}"
EndProject
Global
	GlobalSection(SolutionConfigurationPlatforms) = preSolution
		Debug|Any CPU = Debug|Any CPU
		Release|Any CPU = Release|Any CPU
	EndGlobalSection
	GlobalSection(ProjectConfigurationPlatforms) = postSolution
		{0E962A52-0CA4-434E-AFDA-54843474D397}.Debug|Any CPU.ActiveCfg = Debug|Any CPU
		{0E962A52-0CA4-434E-AFDA-54843474D397}.Debug|Any CPU.Build.0 = Debug|Any CPU
		{0E962A52-0CA4-434E-AFDA-54843474D397}.Release|Any CPU.ActiveCfg = Release|Any CPU
		{0E962A52-0CA4-434E-AFDA-54843474D397}.Release|Any CPU.Build.0 = Release|Any CPU
		{C67611E2-2728-4CEA-9748-12D3C5CC45ED}.Debug|Any CPU.ActiveCfg = Debug|Any CPU
		{C67611E2-2728-4CEA-9748-12D3C5CC45ED}.Debug|Any CPU.Build.0 = Debug|Any CPU
		{C67611E2-2728-4CEA-9748-12D3C5CC45ED}.Release|Any CPU.ActiveCfg = Release|Any CPU
		{C67611E2-2728-4CEA-9748-12D3C5CC45ED}.Release|Any CPU.Build.0 = Release|Any CPU
		{2901DBA7-8EF5-4BBF-99DF-E55A48F20A37}.Debug|Any CPU.ActiveCfg = Debug|Any CPU
		{2901DBA7-8EF5-4BBF-99DF-E55A48F20A37}.Debug|Any CPU.Build.0 = Debug|Any CPU
		{2901DBA7-8EF5-4BBF-99DF-E55A48F20A37}.Release|Any CPU.ActiveCfg = Release|Any CPU
		{2901DBA7-8EF5-4BBF-99DF-E55A48F20A37}.Release|Any CPU.Build.0 = Release|Any CPU
	EndGlobalSection
	GlobalSection(SolutionProperties) = preSolution
		HideSolutionNode = FALSE
	EndGlobalSection
	GlobalSection(ExtensibilityGlobals) = postSolution
		SolutionGuid = {EC9268CD-3AC9-4A12-890B-A018174CCB51}
	EndGlobalSection
EndGlobal
